version = 1
revision = 2
requires-python = "==3.12.*"

[[package]]
name = ""
version = "0.0.1"
source = { virtual = "." }
dependencies = [
    { name = "datasette" },
    { name = "datasette-auth-github" },
    { name = "datasette-dashboards" },
    { name = "datasette-hashed-urls" },
    { name = "datasette-redirect-forbidden" },
    { name = "mangum" },
]

[package.metadata]
requires-dist = [
    { name = "datasette", specifier = ">=0.64.2,<0.65" },
    { name = "datasette-auth-github", specifier = ">=0.13.1,<0.14" },
    { name = "datasette-dashboards", specifier = ">=0.6.2,<0.7" },
    { name = "datasette-hashed-urls", specifier = ">=0.4,<0.5" },
    { name = "datasette-redirect-forbidden", specifier = ">=0.1,<0.2" },
    { name = "mangum", specifier = ">=0.17.0,<0.18" },
]

[package.metadata.requires-dev]
dev = []

[[package]]
name = "aiofiles"
version = "24.1.0"
source = { registry = "https://pypi.org/simple" }
sdist = { url = "https://files.pythonhosted.org/packages/0b/03/a88171e277e8caa88a4c77808c20ebb04ba74cc4681bf1e9416c862de237/aiofiles-24.1.0.tar.gz", hash = "sha256:22a075c9e5a3810f0c2e48f3008c94d68c65d763b9b03857924c99e57355166c", size = 30247, upload-time = "2024-06-24T11:02:03.584Z" }
wheels = [
    { url = "https://files.pythonhosted.org/packages/a5/45/30bb92d442636f570cb5651bc661f52b610e2eec3f891a5dc3a4c3667db0/aiofiles-24.1.0-py3-none-any.whl", hash = "sha256:b4ec55f4195e3eb5d7abd1bf7e061763e864dd4954231fb8539a0ef8bb8260e5", size = 15896, upload-time = "2024-06-24T11:02:01.529Z" },
]

[[package]]
name = "anyio"
version = "4.4.0"
source = { registry = "https://pypi.org/simple" }
dependencies = [
    { name = "idna" },
    { name = "sniffio" },
]
sdist = { url = "https://files.pythonhosted.org/packages/e6/e3/c4c8d473d6780ef1853d630d581f70d655b4f8d7553c6997958c283039a2/anyio-4.4.0.tar.gz", hash = "sha256:5aadc6a1bbb7cdb0bede386cac5e2940f5e2ff3aa20277e991cf028e0585ce94", size = 163930, upload-time = "2024-05-26T22:02:15.75Z" }
wheels = [
    { url = "https://files.pythonhosted.org/packages/7b/a2/10639a79341f6c019dedc95bd48a4928eed9f1d1197f4c04f546fc7ae0ff/anyio-4.4.0-py3-none-any.whl", hash = "sha256:c1b2d8f46a8a812513012e1107cb0e68c17159a7a594208005a57dc776e1bdc7", size = 86780, upload-time = "2024-05-26T22:02:13.671Z" },
]

[[package]]
name = "appdirs"
version = "1.4.4"
source = { registry = "https://pypi.org/simple" }
sdist = { url = "https://files.pythonhosted.org/packages/d7/d8/05696357e0311f5b5c316d7b95f46c669dd9c15aaeecbb48c7d0aeb88c40/appdirs-1.4.4.tar.gz", hash = "sha256:7d5d0167b2b1ba821647616af46a749d1c653740dd0d2415100fe26e27afdf41", size = 13470, upload-time = "2020-05-11T07:59:51.037Z" }
wheels = [
    { url = "https://files.pythonhosted.org/packages/3b/00/2344469e2084fb287c2e0b57b72910309874c3245463acd6cf5e3db69324/appdirs-1.4.4-py2.py3-none-any.whl", hash = "sha256:a841dacd6b99318a741b166adb07e19ee71a274450e68237b4650ca1055ab128", size = 9566, upload-time = "2020-05-11T07:59:49.499Z" },
]

[[package]]
name = "asgi-csrf"
version = "0.9"
source = { registry = "https://pypi.org/simple" }
dependencies = [
    { name = "itsdangerous" },
    { name = "python-multipart" },
]
sdist = { url = "https://files.pythonhosted.org/packages/29/9c/13d880d7ebe13956c037864eb7ac9dbcd0260d4c47844786f07ccca897e1/asgi-csrf-0.9.tar.gz", hash = "sha256:6e9d3bddaeac1a8fd33b188fe2abc8271f9085ab7be6e1a7f4d3c9df5d7f741a", size = 10300, upload-time = "2021-06-23T19:36:43.809Z" }
wheels = [
    { url = "https://files.pythonhosted.org/packages/09/73/06cd6609f6f01b2336f26654a1e62ca8d02a0fdb86ec1055904124d76992/asgi_csrf-0.9-py3-none-any.whl", hash = "sha256:e974cffb8a4ab84a28a0088acbf7a4ecc5be4a64f08dcbe19c60dea103da01c0", size = 10450, upload-time = "2021-06-23T19:36:42.355Z" },
]

[[package]]
name = "asgiref"
version = "3.8.1"
source = { registry = "https://pypi.org/simple" }
sdist = { url = "https://files.pythonhosted.org/packages/29/38/b3395cc9ad1b56d2ddac9970bc8f4141312dbaec28bc7c218b0dfafd0f42/asgiref-3.8.1.tar.gz", hash = "sha256:c343bd80a0bec947a9860adb4c432ffa7db769836c64238fc34bdc3fec84d590", size = 35186, upload-time = "2024-03-22T14:39:36.863Z" }
wheels = [
    { url = "https://files.pythonhosted.org/packages/39/e3/893e8757be2612e6c266d9bb58ad2e3651524b5b40cf56761e985a28b13e/asgiref-3.8.1-py3-none-any.whl", hash = "sha256:3e1e3ecc849832fe52ccf2cb6686b7a55f82bb1d6aee72a58826471390335e47", size = 23828, upload-time = "2024-03-22T14:39:34.521Z" },
]

[[package]]
name = "bleach"
version = "6.1.0"
source = { registry = "https://pypi.org/simple" }
dependencies = [
    { name = "six" },
    { name = "webencodings" },
]
sdist = { url = "https://files.pythonhosted.org/packages/6d/10/77f32b088738f40d4f5be801daa5f327879eadd4562f36a2b5ab975ae571/bleach-6.1.0.tar.gz", hash = "sha256:0a31f1837963c41d46bbf1331b8778e1308ea0791db03cc4e7357b97cf42a8fe", size = 202119, upload-time = "2023-10-06T19:30:51.304Z" }
wheels = [
    { url = "https://files.pythonhosted.org/packages/ea/63/da7237f805089ecc28a3f36bca6a21c31fcbc2eb380f3b8f1be3312abd14/bleach-6.1.0-py3-none-any.whl", hash = "sha256:3225f354cfc436b9789c66c4ee030194bee0568fbf9cbdad3bc8b5c26c5f12b6", size = 162750, upload-time = "2023-10-06T19:30:49.408Z" },
]

[[package]]
name = "certifi"
version = "2024.7.4"
source = { registry = "https://pypi.org/simple" }
sdist = { url = "https://files.pythonhosted.org/packages/c2/02/a95f2b11e207f68bc64d7aae9666fed2e2b3f307748d5123dffb72a1bbea/certifi-2024.7.4.tar.gz", hash = "sha256:5a1e7645bc0ec61a09e26c36f6106dd4cf40c6db3a1fb6352b0244e7fb057c7b", size = 164065, upload-time = "2024-07-04T01:36:11.653Z" }
wheels = [
    { url = "https://files.pythonhosted.org/packages/1c/d5/c84e1a17bf61d4df64ca866a1c9a913874b4e9bdc131ec689a0ad013fb36/certifi-2024.7.4-py3-none-any.whl", hash = "sha256:c198e21b1289c2ab85ee4e67bb4b4ef3ead0892059901a8d5b622f24a1101e90", size = 162960, upload-time = "2024-07-04T01:36:09.038Z" },
]

[[package]]
name = "click"
version = "8.1.7"
source = { registry = "https://pypi.org/simple" }
dependencies = [
    { name = "colorama", marker = "sys_platform == 'win32'" },
]
sdist = { url = "https://files.pythonhosted.org/packages/96/d3/f04c7bfcf5c1862a2a5b845c6b2b360488cf47af55dfa79c98f6a6bf98b5/click-8.1.7.tar.gz", hash = "sha256:ca9853ad459e787e2192211578cc907e7594e294c7ccc834310722b41b9ca6de", size = 336121, upload-time = "2023-08-17T17:29:11.868Z" }
wheels = [
    { url = "https://files.pythonhosted.org/packages/00/2e/d53fa4befbf2cfa713304affc7ca780ce4fc1fd8710527771b58311a3229/click-8.1.7-py3-none-any.whl", hash = "sha256:ae74fb96c20a0277a1d615f1e4d73c8414f5a98db8b799a7931d1582f3390c28", size = 97941, upload-time = "2023-08-17T17:29:10.08Z" },
]

[[package]]
name = "click-default-group"
version = "1.2.4"
source = { registry = "https://pypi.org/simple" }
dependencies = [
    { name = "click" },
]
sdist = { url = "https://files.pythonhosted.org/packages/1d/ce/edb087fb53de63dad3b36408ca30368f438738098e668b78c87f93cd41df/click_default_group-1.2.4.tar.gz", hash = "sha256:eb3f3c99ec0d456ca6cd2a7f08f7d4e91771bef51b01bdd9580cc6450fe1251e", size = 3505, upload-time = "2023-08-04T07:54:58.425Z" }
wheels = [
    { url = "https://files.pythonhosted.org/packages/2c/1a/aff8bb287a4b1400f69e09a53bd65de96aa5cee5691925b38731c67fc695/click_default_group-1.2.4-py2.py3-none-any.whl", hash = "sha256:9b60486923720e7fc61731bdb32b617039aba820e22e1c88766b1125592eaa5f", size = 4123, upload-time = "2023-08-04T07:54:56.875Z" },
]

[[package]]
name = "colorama"
version = "0.4.6"
source = { registry = "https://pypi.org/simple" }
sdist = { url = "https://files.pythonhosted.org/packages/d8/53/6f443c9a4a8358a93a6792e2acffb9d9d5cb0a5cfd8802644b7b1c9a02e4/colorama-0.4.6.tar.gz", hash = "sha256:08695f5cb7ed6e0531a20572697297273c47b8cae5a63ffc6d6ed5c201be6e44", size = 27697, upload-time = "2022-10-25T02:36:22.414Z" }
wheels = [
    { url = "https://files.pythonhosted.org/packages/d1/d6/3965ed04c63042e047cb6a3e6ed1a63a35087b6a609aa3a15ed8ac56c221/colorama-0.4.6-py2.py3-none-any.whl", hash = "sha256:4f1d9991f5acc0ca119f9d443620b77f9d6b33703e51011c16baf57afb285fc6", size = 25335, upload-time = "2022-10-25T02:36:20.889Z" },
]

[[package]]
name = "datasette"
version = "0.64.8"
source = { registry = "https://pypi.org/simple" }
dependencies = [
    { name = "aiofiles" },
    { name = "asgi-csrf" },
    { name = "asgiref" },
    { name = "click" },
    { name = "click-default-group" },
    { name = "httpx" },
    { name = "hupper" },
    { name = "itsdangerous" },
    { name = "janus" },
    { name = "jinja2" },
    { name = "mergedeep" },
    { name = "pint" },
    { name = "pip" },
    { name = "pluggy" },
    { name = "pyyaml" },
    { name = "setuptools" },
    { name = "uvicorn" },
]
sdist = { url = "https://files.pythonhosted.org/packages/51/34/11b90a0235386058d7ce8e6fcfc089fc0cde54b90d68b8e7cc1c0969d8c0/datasette-0.64.8.tar.gz", hash = "sha256:ee54d87152b2e3e6d4552f157e3431918f5fa929c17afd0548b0d04becbd4c97", size = 283296, upload-time = "2024-06-21T23:45:42.205Z" }
wheels = [
    { url = "https://files.pythonhosted.org/packages/99/f4/ef9a0ef94390eff7201397d50891735cc3da9d67ae1db0e2edbf7c04d433/datasette-0.64.8-py3-none-any.whl", hash = "sha256:b31afc90e0493fd2199284e4e2ad4774edc95d80a623d28114cc82db48741461", size = 232381, upload-time = "2024-06-21T23:45:38.947Z" },
]

[[package]]
name = "datasette-auth-github"
version = "0.13.1"
source = { registry = "https://pypi.org/simple" }
dependencies = [
    { name = "datasette" },
]
sdist = { url = "https://files.pythonhosted.org/packages/e4/93/ec00470a7d9f7bb0931809222741da85c4e851be068a5046bc877a259167/datasette-auth-github-0.13.1.tar.gz", hash = "sha256:fe04a6e375c9990d48e92eb20f2d97c12718861cc4fead473b28b81d228b158d", size = 6295, upload-time = "2021-02-25T06:41:09.907Z" }
wheels = [
    { url = "https://files.pythonhosted.org/packages/44/72/302dbc9fe771e849c774101037858eca0fe25a90201ab7a5e5780ea3e2cc/datasette_auth_github-0.13.1-py3-none-any.whl", hash = "sha256:961b7cd8e111dc7f2c3935ef294d68df77b75d9f9c2edd18e85cd8af1a419a4e", size = 10723, upload-time = "2021-02-25T06:41:08.896Z" },
]

[[package]]
name = "datasette-dashboards"
version = "0.6.2"
source = { registry = "https://pypi.org/simple" }
dependencies = [
    { name = "datasette" },
    { name = "datasette-leaflet" },
    { name = "datasette-render-markdown" },
]
sdist = { url = "https://files.pythonhosted.org/packages/5e/9c/a6bfc8746c93ca90602601b35357a028bc0ad5bc1bbad66584b9876832ec/datasette_dashboards-0.6.2.tar.gz", hash = "sha256:c6f3e764182758a252b29ce444718fd15081481482a74f8e0c74313a4c9f824d", size = 292834, upload-time = "2023-08-23T10:05:22.807Z" }
wheels = [
    { url = "https://files.pythonhosted.org/packages/52/74/d942fee3cb78456d0471785ae0a0b48f46bc58ccba59ee2638855f1c665d/datasette_dashboards-0.6.2-py3-none-any.whl", hash = "sha256:5e3f2770f491b2231dc45b07297992915677faacc4b1cb757b60010d90351175", size = 293689, upload-time = "2023-08-23T10:05:21.417Z" },
]

[[package]]
name = "datasette-hashed-urls"
version = "0.4"
source = { registry = "https://pypi.org/simple" }
dependencies = [
    { name = "datasette" },
]
sdist = { url = "https://files.pythonhosted.org/packages/be/ac/f991e3c41f6e935968c0ba5def91571ed69c97273568b77dadc488141ec3/datasette-hashed-urls-0.4.tar.gz", hash = "sha256:f6f9d69f9a4bd65947489b9a10f8143882abee444e24013bbc1cd430932c1358", size = 8295, upload-time = "2022-03-24T20:53:17.419Z" }
wheels = [
    { url = "https://files.pythonhosted.org/packages/bf/51/80b6de42f85ffdcde2474977fc3ab4987e24379d8d2aa658897aed2589a1/datasette_hashed_urls-0.4-py3-none-any.whl", hash = "sha256:b719001a4c8a5c39cf654dd595df2d1ee93ede52253dbec7098c5a4631b80588", size = 8863, upload-time = "2022-03-24T20:53:16.297Z" },
]

[[package]]
name = "datasette-leaflet"
version = "0.2.2"
source = { registry = "https://pypi.org/simple" }
dependencies = [
    { name = "datasette" },
]
sdist = { url = "https://files.pythonhosted.org/packages/88/6e/444b1ded1cd8f71cd86f4461c06ee88be2bb0682b0d54aa942c323f91411/datasette-leaflet-0.2.2.tar.gz", hash = "sha256:8fd4e634304be392ae6f7de770d4f22b95a37caecd676a35faeb6200da9423bc", size = 113285, upload-time = "2021-02-01T22:21:21.93Z" }
wheels = [
    { url = "https://files.pythonhosted.org/packages/d0/df/61e8a7d601a2c4992f7e9f38a6b983a9f9b873fbeebe4248090eea4b5d87/datasette_leaflet-0.2.2-py3-none-any.whl", hash = "sha256:fd88c25666e7680b25b4c6e5546bd02c9f5836bbc0fee61042dbb6b93d4139f0", size = 112532, upload-time = "2021-02-01T22:21:20.787Z" },
]

[[package]]
name = "datasette-redirect-forbidden"
version = "0.1"
source = { registry = "https://pypi.org/simple" }
dependencies = [
    { name = "datasette" },
]
sdist = { url = "https://files.pythonhosted.org/packages/22/f1/6e757423da2563206abd6445a5bc8b6ab38edd7dbf7b1500380175eda3fa/datasette-redirect-forbidden-0.1.tar.gz", hash = "sha256:b981018e27dd227554d55b664559249667243dc20b0d596be1a02c748f1cf144", size = 6199, upload-time = "2022-02-23T22:04:08.865Z" }
wheels = [
    { url = "https://files.pythonhosted.org/packages/cf/22/a437fc6fb97a39056ededbfaf02c17d3fd5e8c33fb4546bc03344b2567c0/datasette_redirect_forbidden-0.1-py3-none-any.whl", hash = "sha256:9c3579e76c94fdf9b39c57ac62e314081f6d6f69a7beae38c7cbb37934f6bfc7", size = 6788, upload-time = "2022-02-23T22:04:07.394Z" },
]

[[package]]
name = "datasette-render-markdown"
version = "2.2.1"
source = { registry = "https://pypi.org/simple" }
dependencies = [
    { name = "bleach" },
    { name = "datasette" },
    { name = "markdown" },
]
sdist = { url = "https://files.pythonhosted.org/packages/4f/99/3074dc4a0129d2dbe12f8492daa392c47d927b380e9d96ffd781b22f887b/datasette-render-markdown-2.2.1.tar.gz", hash = "sha256:97eca47769ad81a1d225a0c32efe50a2f6f54fbeaa97b883855dd0591ba5b8f5", size = 11876, upload-time = "2023-08-15T03:11:42.739Z" }
wheels = [
    { url = "https://files.pythonhosted.org/packages/c3/71/c504d5fa9786601f6292386bd230a641d64faf891d3d91e8481b4f082937/datasette_render_markdown-2.2.1-py3-none-any.whl", hash = "sha256:6e72641b11568afd61e10ec2813c07661cdb1f26ce2935982b30860392bf94dc", size = 10326, upload-time = "2023-08-15T03:11:41.172Z" },
]

[[package]]
name = "flexcache"
version = "0.3"
source = { registry = "https://pypi.org/simple" }
dependencies = [
    { name = "typing-extensions" },
]
sdist = { url = "https://files.pythonhosted.org/packages/55/b0/8a21e330561c65653d010ef112bf38f60890051d244ede197ddaa08e50c1/flexcache-0.3.tar.gz", hash = "sha256:18743bd5a0621bfe2cf8d519e4c3bfdf57a269c15d1ced3fb4b64e0ff4600656", size = 15816, upload-time = "2024-03-09T03:21:07.555Z" }
wheels = [
    { url = "https://files.pythonhosted.org/packages/27/cd/c883e1a7c447479d6e13985565080e3fea88ab5a107c21684c813dba1875/flexcache-0.3-py3-none-any.whl", hash = "sha256:d43c9fea82336af6e0115e308d9d33a185390b8346a017564611f1466dcd2e32", size = 13263, upload-time = "2024-03-09T03:21:05.635Z" },
]

[[package]]
name = "flexparser"
version = "0.3.1"
source = { registry = "https://pypi.org/simple" }
dependencies = [
    { name = "typing-extensions" },
]
sdist = { url = "https://files.pythonhosted.org/packages/dc/e4/a73612499d9c8c450c8f4878e8bb8b3b2dce4bf671b21dd8d5c6549525a7/flexparser-0.3.1.tar.gz", hash = "sha256:36f795d82e50f5c9ae2fde1c33f21f88922fdd67b7629550a3cc4d0b40a66856", size = 31422, upload-time = "2024-06-06T00:53:38.425Z" }
wheels = [
    { url = "https://files.pythonhosted.org/packages/a3/28/5ce78a4838bb9da1bd9f64bc79ba12ddbfcb4824a11ef41da6f05d3240ef/flexparser-0.3.1-py3-none-any.whl", hash = "sha256:2e3e2936bec1f9277f777ef77297522087d96adb09624d4fe4240fd56885c013", size = 27289, upload-time = "2024-06-06T00:53:36.714Z" },
]

[[package]]
name = "h11"
version = "0.14.0"
source = { registry = "https://pypi.org/simple" }
sdist = { url = "https://files.pythonhosted.org/packages/f5/38/3af3d3633a34a3316095b39c8e8fb4853a28a536e55d347bd8d8e9a14b03/h11-0.14.0.tar.gz", hash = "sha256:8f19fbbe99e72420ff35c00b27a34cb9937e902a8b810e2c88300c6f0a3b699d", size = 100418, upload-time = "2022-09-25T15:40:01.519Z" }
wheels = [
    { url = "https://files.pythonhosted.org/packages/95/04/ff642e65ad6b90db43e668d70ffb6736436c7ce41fcc549f4e9472234127/h11-0.14.0-py3-none-any.whl", hash = "sha256:e3fe4ac4b851c468cc8363d500db52c2ead036020723024a109d37346efaa761", size = 58259, upload-time = "2022-09-25T15:39:59.68Z" },
]

[[package]]
name = "httpcore"
version = "1.0.5"
source = { registry = "https://pypi.org/simple" }
dependencies = [
    { name = "certifi" },
    { name = "h11" },
]
sdist = { url = "https://files.pythonhosted.org/packages/17/b0/5e8b8674f8d203335a62fdfcfa0d11ebe09e23613c3391033cbba35f7926/httpcore-1.0.5.tar.gz", hash = "sha256:34a38e2f9291467ee3b44e89dd52615370e152954ba21721378a87b2960f7a61", size = 83234, upload-time = "2024-03-27T18:29:07.397Z" }
wheels = [
    { url = "https://files.pythonhosted.org/packages/78/d4/e5d7e4f2174f8a4d63c8897d79eb8fe2503f7ecc03282fee1fa2719c2704/httpcore-1.0.5-py3-none-any.whl", hash = "sha256:421f18bac248b25d310f3cacd198d55b8e6125c107797b609ff9b7a6ba7991b5", size = 77926, upload-time = "2024-03-27T18:29:04.098Z" },
]

[[package]]
name = "httpx"
version = "0.27.0"
source = { registry = "https://pypi.org/simple" }
dependencies = [
    { name = "anyio" },
    { name = "certifi" },
    { name = "httpcore" },
    { name = "idna" },
    { name = "sniffio" },
]
sdist = { url = "https://files.pythonhosted.org/packages/5c/2d/3da5bdf4408b8b2800061c339f240c1802f2e82d55e50bd39c5a881f47f0/httpx-0.27.0.tar.gz", hash = "sha256:a0cb88a46f32dc874e04ee956e4c2764aba2aa228f650b06788ba6bda2962ab5", size = 126413, upload-time = "2024-02-21T13:07:52.434Z" }
wheels = [
    { url = "https://files.pythonhosted.org/packages/41/7b/ddacf6dcebb42466abd03f368782142baa82e08fc0c1f8eaa05b4bae87d5/httpx-0.27.0-py3-none-any.whl", hash = "sha256:71d5465162c13681bff01ad59b2cc68dd838ea1f10e51574bac27103f00c91a5", size = 75590, upload-time = "2024-02-21T13:07:50.455Z" },
]

[[package]]
name = "hupper"
version = "1.12.1"
source = { registry = "https://pypi.org/simple" }
sdist = { url = "https://files.pythonhosted.org/packages/bd/e6/bb064537288eee2be97f3e0fcad8e7242bc5bbe9664ae57c7d29b3fa18c2/hupper-1.12.1.tar.gz", hash = "sha256:06bf54170ff4ecf4c84ad5f188dee3901173ab449c2608ad05b9bfd6b13e32eb", size = 43231, upload-time = "2024-01-26T09:14:57.294Z" }
wheels = [
    { url = "https://files.pythonhosted.org/packages/86/7d/3888833e4f5ea56af4a9935066ec09a83228e533d7b8877f65889d706ee4/hupper-1.12.1-py3-none-any.whl", hash = "sha256:e872b959f09d90be5fb615bd2e62de89a0b57efc037bdf9637fb09cdf8552b19", size = 22830, upload-time = "2024-01-26T09:14:55.176Z" },
]

[[package]]
name = "idna"
version = "3.7"
source = { registry = "https://pypi.org/simple" }
sdist = { url = "https://files.pythonhosted.org/packages/21/ed/f86a79a07470cb07819390452f178b3bef1d375f2ec021ecfc709fc7cf07/idna-3.7.tar.gz", hash = "sha256:028ff3aadf0609c1fd278d8ea3089299412a7a8b9bd005dd08b9f8285bcb5cfc", size = 189575, upload-time = "2024-04-11T03:34:43.276Z" }
wheels = [
    { url = "https://files.pythonhosted.org/packages/e5/3e/741d8c82801c347547f8a2a06aa57dbb1992be9e948df2ea0eda2c8b79e8/idna-3.7-py3-none-any.whl", hash = "sha256:82fee1fc78add43492d3a1898bfa6d8a904cc97d8427f683ed8e798d07761aa0", size = 66836, upload-time = "2024-04-11T03:34:41.447Z" },
]

[[package]]
name = "itsdangerous"
version = "2.2.0"
source = { registry = "https://pypi.org/simple" }
sdist = { url = "https://files.pythonhosted.org/packages/9c/cb/8ac0172223afbccb63986cc25049b154ecfb5e85932587206f42317be31d/itsdangerous-2.2.0.tar.gz", hash = "sha256:e0050c0b7da1eea53ffaf149c0cfbb5c6e2e2b69c4bef22c81fa6eb73e5f6173", size = 54410, upload-time = "2024-04-16T21:28:15.614Z" }
wheels = [
    { url = "https://files.pythonhosted.org/packages/04/96/92447566d16df59b2a776c0fb82dbc4d9e07cd95062562af01e408583fc4/itsdangerous-2.2.0-py3-none-any.whl", hash = "sha256:c6242fc49e35958c8b15141343aa660db5fc54d4f13a1db01a3f5891b98700ef", size = 16234, upload-time = "2024-04-16T21:28:14.499Z" },
]

[[package]]
name = "janus"
version = "1.0.0"
source = { registry = "https://pypi.org/simple" }
dependencies = [
    { name = "typing-extensions" },
]
sdist = { url = "https://files.pythonhosted.org/packages/b8/a8/facab7275d7d3d2032f375843fe46fad1cfa604a108b5a238638d4615bdc/janus-1.0.0.tar.gz", hash = "sha256:df976f2cdcfb034b147a2d51edfc34ff6bfb12d4e2643d3ad0e10de058cb1612", size = 19043, upload-time = "2021-12-17T09:00:33.923Z" }
wheels = [
    { url = "https://files.pythonhosted.org/packages/c1/84/7bfe436fa6a4943eecb17c2cca9c84215299684575376d664ea6bf294439/janus-1.0.0-py3-none-any.whl", hash = "sha256:2596ea5482711c1ee3ef2df6c290aaf370a13c55a007826e8f7c32d696d1d00a", size = 6895, upload-time = "2021-12-17T09:00:32.868Z" },
]

[[package]]
name = "jinja2"
version = "3.1.4"
source = { registry = "https://pypi.org/simple" }
dependencies = [
    { name = "markupsafe" },
]
sdist = { url = "https://files.pythonhosted.org/packages/ed/55/39036716d19cab0747a5020fc7e907f362fbf48c984b14e62127f7e68e5d/jinja2-3.1.4.tar.gz", hash = "sha256:4a3aee7acbbe7303aede8e9648d13b8bf88a429282aa6122a993f0ac800cb369", size = 240245, upload-time = "2024-05-05T23:42:02.455Z" }
wheels = [
    { url = "https://files.pythonhosted.org/packages/31/80/3a54838c3fb461f6fec263ebf3a3a41771bd05190238de3486aae8540c36/jinja2-3.1.4-py3-none-any.whl", hash = "sha256:bc5dd2abb727a5319567b7a813e6a2e7318c39f4f487cfe6c89c6f9c7d25197d", size = 133271, upload-time = "2024-05-05T23:41:59.928Z" },
]

[[package]]
name = "mangum"
version = "0.17.0"
source = { registry = "https://pypi.org/simple" }
dependencies = [
    { name = "typing-extensions" },
]
sdist = { url = "https://files.pythonhosted.org/packages/a6/3d/c9664d56ad6b32d7c7ebf82a77cacc290ebed033f96adf0c98a9114ace4e/mangum-0.17.0.tar.gz", hash = "sha256:5b4e26375e12eed051687670466d17968f8b74beecaca432edd4eb4127f78509", size = 14222, upload-time = "2022-11-27T11:21:42.084Z" }
wheels = [
    { url = "https://files.pythonhosted.org/packages/d7/3d/aa091b88f5fe2c4d73fd42831affc4aab26cdbdf0bab9925e1cabf297aaa/mangum-0.17.0-py3-none-any.whl", hash = "sha256:f00be705605bc4793958df62e4d249abf58d254c39d90bb410d069570206f4a2", size = 17191, upload-time = "2022-11-27T11:21:40.261Z" },
]

[[package]]
name = "markdown"
version = "3.6"
source = { registry = "https://pypi.org/simple" }
sdist = { url = "https://files.pythonhosted.org/packages/22/02/4785861427848cc11e452cc62bb541006a1087cf04a1de83aedd5530b948/Markdown-3.6.tar.gz", hash = "sha256:ed4f41f6daecbeeb96e576ce414c41d2d876daa9a16cb35fa8ed8c2ddfad0224", size = 354715, upload-time = "2024-03-14T15:37:59.775Z" }
wheels = [
    { url = "https://files.pythonhosted.org/packages/fc/b3/0c0c994fe49cd661084f8d5dc06562af53818cc0abefaca35bdc894577c3/Markdown-3.6-py3-none-any.whl", hash = "sha256:48f276f4d8cfb8ce6527c8f79e2ee29708508bf4d40aa410fbc3b4ee832c850f", size = 105381, upload-time = "2024-03-14T15:37:57.457Z" },
]

[[package]]
name = "markupsafe"
version = "2.1.5"
source = { registry = "https://pypi.org/simple" }
sdist = { url = "https://files.pythonhosted.org/packages/87/5b/aae44c6655f3801e81aa3eef09dbbf012431987ba564d7231722f68df02d/MarkupSafe-2.1.5.tar.gz", hash = "sha256:d283d37a890ba4c1ae73ffadf8046435c76e7bc2247bbb63c00bd1a709c6544b", size = 19384, upload-time = "2024-02-02T16:31:22.863Z" }
wheels = [
    { url = "https://files.pythonhosted.org/packages/53/bd/583bf3e4c8d6a321938c13f49d44024dbe5ed63e0a7ba127e454a66da974/MarkupSafe-2.1.5-cp312-cp312-macosx_10_9_universal2.whl", hash = "sha256:8dec4936e9c3100156f8a2dc89c4b88d5c435175ff03413b443469c7c8c5f4d1", size = 18215, upload-time = "2024-02-02T16:30:33.081Z" },
    { url = "https://files.pythonhosted.org/packages/48/d6/e7cd795fc710292c3af3a06d80868ce4b02bfbbf370b7cee11d282815a2a/MarkupSafe-2.1.5-cp312-cp312-macosx_10_9_x86_64.whl", hash = "sha256:3c6b973f22eb18a789b1460b4b91bf04ae3f0c4234a0a6aa6b0a92f6f7b951d4", size = 14069, upload-time = "2024-02-02T16:30:34.148Z" },
    { url = "https://files.pythonhosted.org/packages/51/b5/5d8ec796e2a08fc814a2c7d2584b55f889a55cf17dd1a90f2beb70744e5c/MarkupSafe-2.1.5-cp312-cp312-manylinux_2_17_aarch64.manylinux2014_aarch64.whl", hash = "sha256:ac07bad82163452a6884fe8fa0963fb98c2346ba78d779ec06bd7a6262132aee", size = 29452, upload-time = "2024-02-02T16:30:35.149Z" },
    { url = "https://files.pythonhosted.org/packages/0a/0d/2454f072fae3b5a137c119abf15465d1771319dfe9e4acbb31722a0fff91/MarkupSafe-2.1.5-cp312-cp312-manylinux_2_17_x86_64.manylinux2014_x86_64.whl", hash = "sha256:f5dfb42c4604dddc8e4305050aa6deb084540643ed5804d7455b5df8fe16f5e5", size = 28462, upload-time = "2024-02-02T16:30:36.166Z" },
    { url = "https://files.pythonhosted.org/packages/2d/75/fd6cb2e68780f72d47e6671840ca517bda5ef663d30ada7616b0462ad1e3/MarkupSafe-2.1.5-cp312-cp312-manylinux_2_5_i686.manylinux1_i686.manylinux_2_17_i686.manylinux2014_i686.whl", hash = "sha256:ea3d8a3d18833cf4304cd2fc9cbb1efe188ca9b5efef2bdac7adc20594a0e46b", size = 27869, upload-time = "2024-02-02T16:30:37.834Z" },
    { url = "https://files.pythonhosted.org/packages/b0/81/147c477391c2750e8fc7705829f7351cf1cd3be64406edcf900dc633feb2/MarkupSafe-2.1.5-cp312-cp312-musllinux_1_1_aarch64.whl", hash = "sha256:d050b3361367a06d752db6ead6e7edeb0009be66bc3bae0ee9d97fb326badc2a", size = 33906, upload-time = "2024-02-02T16:30:39.366Z" },
    { url = "https://files.pythonhosted.org/packages/8b/ff/9a52b71839d7a256b563e85d11050e307121000dcebc97df120176b3ad93/MarkupSafe-2.1.5-cp312-cp312-musllinux_1_1_i686.whl", hash = "sha256:bec0a414d016ac1a18862a519e54b2fd0fc8bbfd6890376898a6c0891dd82e9f", size = 32296, upload-time = "2024-02-02T16:30:40.413Z" },
    { url = "https://files.pythonhosted.org/packages/88/07/2dc76aa51b481eb96a4c3198894f38b480490e834479611a4053fbf08623/MarkupSafe-2.1.5-cp312-cp312-musllinux_1_1_x86_64.whl", hash = "sha256:58c98fee265677f63a4385256a6d7683ab1832f3ddd1e66fe948d5880c21a169", size = 33038, upload-time = "2024-02-02T16:30:42.243Z" },
    { url = "https://files.pythonhosted.org/packages/96/0c/620c1fb3661858c0e37eb3cbffd8c6f732a67cd97296f725789679801b31/MarkupSafe-2.1.5-cp312-cp312-win32.whl", hash = "sha256:8590b4ae07a35970728874632fed7bd57b26b0102df2d2b233b6d9d82f6c62ad", size = 16572, upload-time = "2024-02-02T16:30:43.326Z" },
    { url = "https://files.pythonhosted.org/packages/3f/14/c3554d512d5f9100a95e737502f4a2323a1959f6d0d01e0d0997b35f7b10/MarkupSafe-2.1.5-cp312-cp312-win_amd64.whl", hash = "sha256:823b65d8706e32ad2df51ed89496147a42a2a6e01c13cfb6ffb8b1e92bc910bb", size = 17127, upload-time = "2024-02-02T16:30:44.418Z" },
]

[[package]]
name = "mergedeep"
version = "1.3.4"
source = { registry = "https://pypi.org/simple" }
sdist = { url = "https://files.pythonhosted.org/packages/3a/41/580bb4006e3ed0361b8151a01d324fb03f420815446c7def45d02f74c270/mergedeep-1.3.4.tar.gz", hash = "sha256:0096d52e9dad9939c3d975a774666af186eda617e6ca84df4c94dec30004f2a8", size = 4661, upload-time = "2021-02-05T18:55:30.623Z" }
wheels = [
    { url = "https://files.pythonhosted.org/packages/2c/19/04f9b178c2d8a15b076c8b5140708fa6ffc5601fb6f1e975537072df5b2a/mergedeep-1.3.4-py3-none-any.whl", hash = "sha256:70775750742b25c0d8f36c55aed03d24c3384d17c951b3175d898bd778ef0307", size = 6354, upload-time = "2021-02-05T18:55:29.583Z" },
]

[[package]]
name = "pint"
version = "0.24.3"
source = { registry = "https://pypi.org/simple" }
dependencies = [
    { name = "appdirs" },
    { name = "flexcache" },
    { name = "flexparser" },
    { name = "typing-extensions" },
]
sdist = { url = "https://files.pythonhosted.org/packages/53/7d/30178ff193a076e35521592260915f74049bfa77dccb43ac8aa5abe1414b/pint-0.24.3.tar.gz", hash = "sha256:d54771093e8b94c4e0a35ac638c2444ddf3ef685652bab7675ffecfa0c5c5cdf", size = 341664, upload-time = "2024-07-13T11:09:35.263Z" }
wheels = [
    { url = "https://files.pythonhosted.org/packages/3f/2b/abe15c62ef1aece41d0799f31ba97d298aad9c76bc31dd655c387c29f17a/Pint-0.24.3-py3-none-any.whl", hash = "sha256:d98667e46fd03a1b94694fbfa104ec30858684d8ab26952e2a348b48059089bb", size = 301758, upload-time = "2024-07-13T11:09:33.101Z" },
]

[[package]]
name = "pip"
version = "24.2"
source = { registry = "https://pypi.org/simple" }
sdist = { url = "https://files.pythonhosted.org/packages/4d/87/fb90046e096a03aeab235e139436b3fe804cdd447ed2093b0d70eba3f7f8/pip-24.2.tar.gz", hash = "sha256:5b5e490b5e9cb275c879595064adce9ebd31b854e3e803740b72f9ccf34a45b8", size = 1922041, upload-time = "2024-07-28T22:40:55.693Z" }
wheels = [
    { url = "https://files.pythonhosted.org/packages/d4/55/90db48d85f7689ec6f81c0db0622d704306c5284850383c090e6c7195a5c/pip-24.2-py3-none-any.whl", hash = "sha256:2cd581cf58ab7fcfca4ce8efa6dcacd0de5bf8d0a3eb9ec927e07405f4d9e2a2", size = 1815170, upload-time = "2024-07-28T22:40:52.861Z" },
]

[[package]]
name = "pluggy"
version = "1.5.0"
source = { registry = "https://pypi.org/simple" }
sdist = { url = "https://files.pythonhosted.org/packages/96/2d/02d4312c973c6050a18b314a5ad0b3210edb65a906f868e31c111dede4a6/pluggy-1.5.0.tar.gz", hash = "sha256:2cffa88e94fdc978c4c574f15f9e59b7f4201d439195c3715ca9e2486f1d0cf1", size = 67955, upload-time = "2024-04-20T21:34:42.531Z" }
wheels = [
    { url = "https://files.pythonhosted.org/packages/88/5f/e351af9a41f866ac3f1fac4ca0613908d9a41741cfcf2228f4ad853b697d/pluggy-1.5.0-py3-none-any.whl", hash = "sha256:44e1ad92c8ca002de6377e165f3e0f1be63266ab4d554740532335b9d75ea669", size = 20556, upload-time = "2024-04-20T21:34:40.434Z" },
]

[[package]]
name = "python-multipart"
version = "0.0.9"
source = { registry = "https://pypi.org/simple" }
sdist = { url = "https://files.pythonhosted.org/packages/5c/0f/9c55ac6c84c0336e22a26fa84ca6c51d58d7ac3a2d78b0dfa8748826c883/python_multipart-0.0.9.tar.gz", hash = "sha256:03f54688c663f1b7977105f021043b0793151e4cb1c1a9d4a11fc13d622c4026", size = 31516, upload-time = "2024-02-10T13:32:04.684Z" }
wheels = [
    { url = "https://files.pythonhosted.org/packages/3d/47/444768600d9e0ebc82f8e347775d24aef8f6348cf00e9fa0e81910814e6d/python_multipart-0.0.9-py3-none-any.whl", hash = "sha256:97ca7b8ea7b05f977dc3849c3ba99d51689822fab725c3703af7c866a0c2b215", size = 22299, upload-time = "2024-02-10T13:32:02.969Z" },
]

[[package]]
name = "pyyaml"
version = "6.0.2"
source = { registry = "https://pypi.org/simple" }
sdist = { url = "https://files.pythonhosted.org/packages/54/ed/79a089b6be93607fa5cdaedf301d7dfb23af5f25c398d5ead2525b063e17/pyyaml-6.0.2.tar.gz", hash = "sha256:d584d9ec91ad65861cc08d42e834324ef890a082e591037abe114850ff7bbc3e", size = 130631, upload-time = "2024-08-06T20:33:50.674Z" }
wheels = [
    { url = "https://files.pythonhosted.org/packages/86/0c/c581167fc46d6d6d7ddcfb8c843a4de25bdd27e4466938109ca68492292c/PyYAML-6.0.2-cp312-cp312-macosx_10_9_x86_64.whl", hash = "sha256:c70c95198c015b85feafc136515252a261a84561b7b1d51e3384e0655ddf25ab", size = 183873, upload-time = "2024-08-06T20:32:25.131Z" },
    { url = "https://files.pythonhosted.org/packages/a8/0c/38374f5bb272c051e2a69281d71cba6fdb983413e6758b84482905e29a5d/PyYAML-6.0.2-cp312-cp312-macosx_11_0_arm64.whl", hash = "sha256:ce826d6ef20b1bc864f0a68340c8b3287705cae2f8b4b1d932177dcc76721725", size = 173302, upload-time = "2024-08-06T20:32:26.511Z" },
    { url = "https://files.pythonhosted.org/packages/c3/93/9916574aa8c00aa06bbac729972eb1071d002b8e158bd0e83a3b9a20a1f7/PyYAML-6.0.2-cp312-cp312-manylinux_2_17_aarch64.manylinux2014_aarch64.whl", hash = "sha256:1f71ea527786de97d1a0cc0eacd1defc0985dcf6b3f17bb77dcfc8c34bec4dc5", size = 739154, upload-time = "2024-08-06T20:32:28.363Z" },
    { url = "https://files.pythonhosted.org/packages/95/0f/b8938f1cbd09739c6da569d172531567dbcc9789e0029aa070856f123984/PyYAML-6.0.2-cp312-cp312-manylinux_2_17_s390x.manylinux2014_s390x.whl", hash = "sha256:9b22676e8097e9e22e36d6b7bda33190d0d400f345f23d4065d48f4ca7ae0425", size = 766223, upload-time = "2024-08-06T20:32:30.058Z" },
    { url = "https://files.pythonhosted.org/packages/b9/2b/614b4752f2e127db5cc206abc23a8c19678e92b23c3db30fc86ab731d3bd/PyYAML-6.0.2-cp312-cp312-manylinux_2_17_x86_64.manylinux2014_x86_64.whl", hash = "sha256:80bab7bfc629882493af4aa31a4cfa43a4c57c83813253626916b8c7ada83476", size = 767542, upload-time = "2024-08-06T20:32:31.881Z" },
    { url = "https://files.pythonhosted.org/packages/d4/00/dd137d5bcc7efea1836d6264f049359861cf548469d18da90cd8216cf05f/PyYAML-6.0.2-cp312-cp312-musllinux_1_1_aarch64.whl", hash = "sha256:0833f8694549e586547b576dcfaba4a6b55b9e96098b36cdc7ebefe667dfed48", size = 731164, upload-time = "2024-08-06T20:32:37.083Z" },
    { url = "https://files.pythonhosted.org/packages/c9/1f/4f998c900485e5c0ef43838363ba4a9723ac0ad73a9dc42068b12aaba4e4/PyYAML-6.0.2-cp312-cp312-musllinux_1_1_x86_64.whl", hash = "sha256:8b9c7197f7cb2738065c481a0461e50ad02f18c78cd75775628afb4d7137fb3b", size = 756611, upload-time = "2024-08-06T20:32:38.898Z" },
    { url = "https://files.pythonhosted.org/packages/df/d1/f5a275fdb252768b7a11ec63585bc38d0e87c9e05668a139fea92b80634c/PyYAML-6.0.2-cp312-cp312-win32.whl", hash = "sha256:ef6107725bd54b262d6dedcc2af448a266975032bc85ef0172c5f059da6325b4", size = 140591, upload-time = "2024-08-06T20:32:40.241Z" },
    { url = "https://files.pythonhosted.org/packages/0c/e8/4f648c598b17c3d06e8753d7d13d57542b30d56e6c2dedf9c331ae56312e/PyYAML-6.0.2-cp312-cp312-win_amd64.whl", hash = "sha256:7e7401d0de89a9a855c839bc697c079a4af81cf878373abd7dc625847d25cbd8", size = 156338, upload-time = "2024-08-06T20:32:41.93Z" },
]

[[package]]
name = "setuptools"
version = "72.1.0"
source = { registry = "https://pypi.org/simple" }
sdist = { url = "https://files.pythonhosted.org/packages/5e/11/487b18cc768e2ae25a919f230417983c8d5afa1b6ee0abd8b6db0b89fa1d/setuptools-72.1.0.tar.gz", hash = "sha256:8d243eff56d095e5817f796ede6ae32941278f542e0f941867cc05ae52b162ec", size = 2419487, upload-time = "2024-07-29T15:11:43.458Z" }
wheels = [
    { url = "https://files.pythonhosted.org/packages/e1/58/e0ef3b9974a04ce9cde2a7a33881ddcb2d68450803745804545cdd8d258f/setuptools-72.1.0-py3-none-any.whl", hash = "sha256:5a03e1860cf56bb6ef48ce186b0e557fdba433237481a9a625176c2831be15d1", size = 2337965, upload-time = "2024-07-29T15:11:37.999Z" },
]

[[package]]
name = "six"
version = "1.16.0"
source = { registry = "https://pypi.org/simple" }
sdist = { url = "https://files.pythonhosted.org/packages/71/39/171f1c67cd00715f190ba0b100d606d440a28c93c7714febeca8b79af85e/six-1.16.0.tar.gz", hash = "sha256:1e61c37477a1626458e36f7b1d82aa5c9b094fa4802892072e49de9c60c4c926", size = 34041, upload-time = "2021-05-05T14:18:18.379Z" }
wheels = [
    { url = "https://files.pythonhosted.org/packages/d9/5a/e7c31adbe875f2abbb91bd84cf2dc52d792b5a01506781dbcf25c91daf11/six-1.16.0-py2.py3-none-any.whl", hash = "sha256:8abb2f1d86890a2dfb989f9a77cfcfd3e47c2a354b01111771326f8aa26e0254", size = 11053, upload-time = "2021-05-05T14:18:17.237Z" },
]

[[package]]
name = "sniffio"
version = "1.3.1"
source = { registry = "https://pypi.org/simple" }
sdist = { url = "https://files.pythonhosted.org/packages/a2/87/a6771e1546d97e7e041b6ae58d80074f81b7d5121207425c964ddf5cfdbd/sniffio-1.3.1.tar.gz", hash = "sha256:f4324edc670a0f49750a81b895f35c3adb843cca46f0530f79fc1babb23789dc", size = 20372, upload-time = "2024-02-25T23:20:04.057Z" }
wheels = [
    { url = "https://files.pythonhosted.org/packages/e9/44/75a9c9421471a6c4805dbf2356f7c181a29c1879239abab1ea2cc8f38b40/sniffio-1.3.1-py3-none-any.whl", hash = "sha256:2f6da418d1f1e0fddd844478f41680e794e6051915791a034ff65e5f100525a2", size = 10235, upload-time = "2024-02-25T23:20:01.196Z" },
]

[[package]]
name = "typing-extensions"
version = "4.12.2"
source = { registry = "https://pypi.org/simple" }
sdist = { url = "https://files.pythonhosted.org/packages/df/db/f35a00659bc03fec321ba8bce9420de607a1d37f8342eee1863174c69557/typing_extensions-4.12.2.tar.gz", hash = "sha256:1a7ead55c7e559dd4dee8856e3a88b41225abfe1ce8df57b7c13915fe121ffb8", size = 85321, upload-time = "2024-06-07T18:52:15.995Z" }
wheels = [
    { url = "https://files.pythonhosted.org/packages/26/9f/ad63fc0248c5379346306f8668cda6e2e2e9c95e01216d2b8ffd9ff037d0/typing_extensions-4.12.2-py3-none-any.whl", hash = "sha256:04e5ca0351e0f3f85c6853954072df659d0d13fac324d0072316b67d7794700d", size = 37438, upload-time = "2024-06-07T18:52:13.582Z" },
]

[[package]]
name = "uvicorn"
version = "0.30.5"
source = { registry = "https://pypi.org/simple" }
dependencies = [
    { name = "click" },
    { name = "h11" },
]
sdist = { url = "https://files.pythonhosted.org/packages/c3/ad/02b1b412e43605aa6aac8d0392c383ff3f6ae8267b7864e48e3b5f3f601e/uvicorn-0.30.5.tar.gz", hash = "sha256:ac6fdbd4425c5fd17a9fe39daf4d4d075da6fdc80f653e5894cdc2fd98752bee", size = 42835, upload-time = "2024-08-02T10:22:36.01Z" }
wheels = [
    { url = "https://files.pythonhosted.org/packages/67/d8/1bcb5e6508d14c6c9912cd964b286f04392298ffb3e4218f4a1292d64e76/uvicorn-0.30.5-py3-none-any.whl", hash = "sha256:b2d86de274726e9878188fa07576c9ceeff90a839e2b6e25c917fe05f5a6c835", size = 62805, upload-time = "2024-08-02T10:22:32.673Z" },
]

[[package]]
name = "webencodings"
version = "0.5.1"
source = { registry = "https://pypi.org/simple" }
sdist = { url = "https://files.pythonhosted.org/packages/0b/02/ae6ceac1baeda530866a85075641cec12989bd8d31af6d5ab4a3e8c92f47/webencodings-0.5.1.tar.gz", hash = "sha256:b36a1c245f2d304965eb4e0a82848379241dc04b865afcc4aab16748587e1923", size = 9721, upload-time = "2017-04-05T20:21:34.189Z" }
wheels = [
    { url = "https://files.pythonhosted.org/packages/f4/24/2a3e3df732393fed8b3ebf2ec078f05546de641fe1b667ee316ec1dcf3b7/webencodings-0.5.1-py2.py3-none-any.whl", hash = "sha256:a0af1213f3c2226497a97e2b3aa01a7e4bee4f403f95be16fc9acd2947514a78", size = 11774, upload-time = "2017-04-05T20:21:32.581Z" },
]
